
Microsoft Visual Studio Solution File, Format Version 12.00
# Visual Studio Version 17
VisualStudioVersion = 17.2.32630.192
MinimumVisualStudioVersion = 10.0.40219.1
Project("{FAE04EC0-301F-11D3-BF4B-00C04F79EFBC}") = "TicTacToe", "TicTacToe\TicTacToe.csproj", "{66F11AC7-B1CB-4C83-967D-41B9736A709A}"
EndProject
Global
	GlobalSection(SolutionConfigurationPlatforms) = preSolution
		Debug|Any CPU = Debug|Any CPU
		Release|Any CPU = Release|Any CPU
	EndGlobalSection
	GlobalSection(ProjectConfigurationPlatforms) = postSolution
		{66F11AC7-B1CB-4C83-967D-41B9736A709A}.Debug|Any CPU.ActiveCfg = Debug|Any CPU
		{66F11AC7-B1CB-4C83-967D-41B9736A709A}.Debug|Any CPU.Build.0 = Debug|Any CPU
		{66F11AC7-B1CB-4C83-967D-41B9736A709A}.Release|Any CPU.ActiveCfg = Release|Any CPU
		{66F11AC7-B1CB-4C83-967D-41B9736A709A}.Release|Any CPU.Build.0 = Release|Any CPU
	EndGlobalSection
	GlobalSection(SolutionProperties) = preSolution
		HideSolutionNode = FALSE
	EndGlobalSection
	GlobalSection(ExtensibilityGlobals) = postSolution
		SolutionGuid = {C1DAC4F7-9028-4450-8525-2881093E114E}
	EndGlobalSection
EndGlobal
